
Microsoft Visual Studio Solution File, Format Version 12.00
# Visual Studio Version 17
VisualStudioVersion = 17.3.32811.315
MinimumVisualStudioVersion = 10.0.40219.1
Project("{9A19103F-16F7-4668-BE54-9A1E7A4F7556}") = "Sandbox.ConsoleApp", "Sandbox.ConsoleApp\Sandbox.ConsoleApp.csproj", "{1F993300-267E-4E7D-B261-4EF40D83013D}"
EndProject
Project("{9A19103F-16F7-4668-BE54-9A1E7A4F7556}") = "Sandbox.Selenium", "Sandbox.Selenium\Sandbox.Selenium.csproj", "{2D9930D7-BC7E-443A-A2D6-B6D9501F7016}"
EndProject
Project("{9A19103F-16F7-4668-BE54-9A1E7A4F7556}") = "Sandbox.SQLite", "Sandbox.SQLite\Sandbox.SQLite.csproj", "{97219431-D237-4488-912A-14498A7F7D62}"
EndProject
Project("{2150E333-8FDC-42A3-9474-1A3956D46DE8}") = "Solution Items", "Solution Items", "{CDDB08B2-3D44-4A86-A99F-C368BAE6D297}"
	ProjectSection(SolutionItems) = preProject
		.editorconfig = .editorconfig
		Directory.Build.props = Directory.Build.props
	EndProjectSection
EndProject
Project("{9A19103F-16F7-4668-BE54-9A1E7A4F7556}") = "Sandbox.Loggings", "Sandbox.Loggings\Sandbox.Loggings.csproj", "{0A718B99-41F2-45E4-B5A6-1887918FFD26}"
EndProject
Project("{9A19103F-16F7-4668-BE54-9A1E7A4F7556}") = "Sandbox.Core", "Sandbox.Core\Sandbox.Core.csproj", "{F0BD04D0-BB3E-4DF6-B1B0-4CC74D273271}"
EndProject
Project("{778DAE3C-4631-46EA-AA77-85C1314464D9}") = "Sandbox.Library.VB", "Sandbox.Library.VB\Sandbox.Library.VB.vbproj", "{658F20C3-5965-496C-9562-D81D0709F417}"
EndProject
Project("{6EC3EE1D-3C4E-46DD-8F32-0CC8E7565705}") = "Sandbox.Library.FSharp", "Sandbox.Library.FSharp\Sandbox.Library.FSharp.fsproj", "{5785E3AA-3464-4178-BC80-D4445EDDF2E3}"
EndProject
Project("{9A19103F-16F7-4668-BE54-9A1E7A4F7556}") = "Sandbox.Concepts", "Sandbox.Concepts\Sandbox.Concepts.csproj", "{009E2629-E272-4DE9-B62C-0A549174B486}"
EndProject
Project("{9A19103F-16F7-4668-BE54-9A1E7A4F7556}") = "Sandbox.Azure", "Sandbox.Azure\Sandbox.Azure.csproj", "{0B3B13F3-7638-4656-B3FF-CBFE9E375E14}"
EndProject
Project("{9A19103F-16F7-4668-BE54-9A1E7A4F7556}") = "Sandbox.Azure.Functions", "Sandbox.Azure.Functions\Sandbox.Azure.Functions.csproj", "{F536E7AB-8DF2-4BD1-8C4C-82843F0F2232}"
EndProject
Project("{6EC3EE1D-3C4E-46DD-8F32-0CC8E7565705}") = "Sandbox.IpCheck", "Sandbox.IpCheck\Sandbox.IpCheck.fsproj", "{0D7D2910-B96A-425B-9A83-9684BA9D6C12}"
EndProject
Project("{9A19103F-16F7-4668-BE54-9A1E7A4F7556}") = "Sandbox.Azure.ActiveDirectory", "Sandbox.Azure.ActiveDirectory\Sandbox.Azure.ActiveDirectory.csproj", "{ED6257DF-4C59-4D79-BE33-6BB0564952C0}"
EndProject
Project("{9A19103F-16F7-4668-BE54-9A1E7A4F7556}") = "Sandbox.Aws", "Sandbox.Aws\Sandbox.Aws.csproj", "{05CE6A0D-5FDD-4F81-8000-968E1A7F7BD4}"
EndProject
Project("{9A19103F-16F7-4668-BE54-9A1E7A4F7556}") = "Sandbox.Aws.Lambda", "Sandbox.Aws.Lambda\Sandbox.Aws.Lambda.csproj", "{8D4F083D-F555-4630-85A0-30D83670349A}"
EndProject
Project("{9A19103F-16F7-4668-BE54-9A1E7A4F7556}") = "Sandbox.Aws.Lambda.Tests", "Sandbox.Aws.Lambda.Tests\Sandbox.Aws.Lambda.Tests.csproj", "{DA99FB6E-EDBA-4428-976C-22A299AE5324}"
EndProject
Project("{9A19103F-16F7-4668-BE54-9A1E7A4F7556}") = "Sandbox.Silo", "Sandbox.Silo\Sandbox.Silo.csproj", "{2E35A6E5-43B8-4DC0-B9D7-5D4F0A92B9DC}"
EndProject
Project("{9A19103F-16F7-4668-BE54-9A1E7A4F7556}") = "Sandbox.Newtonsoft", "Sandbox.Newtonsoft\Sandbox.Newtonsoft.csproj", "{722F8F1A-F6BD-4F56-8125-305D52C2A26E}"
EndProject
Project("{9A19103F-16F7-4668-BE54-9A1E7A4F7556}") = "Sandbox.WeatherApi", "Sandbox.WeatherApi\Sandbox.WeatherApi.csproj", "{4D343812-CE1B-4D24-9DD8-C35DCE72ECE2}"
EndProject
Project("{9A19103F-16F7-4668-BE54-9A1E7A4F7556}") = "Sandbox.Experiment", "Sandbox.Experiment\Sandbox.Experiment.csproj", "{03BE2EEC-364E-47CB-9A88-3919D0FBBA9A}"
EndProject
Project("{9A19103F-16F7-4668-BE54-9A1E7A4F7556}") = "Sandbox.Blazor.Server", "Sandbox.Blazor.Server\Sandbox.Blazor.Server.csproj", "{0FB61FD0-B7A6-4F74-8E81-0DD8270432BB}"
EndProject
Project("{54A90642-561A-4BB1-A94E-469ADEE60C69}") = "Sandbox.Node", "Sandbox.Node\Sandbox.Node.esproj", "{13EFCFC9-5F93-4DF4-B345-8B6F86AEB0E1}"
EndProject
Project("{9A19103F-16F7-4668-BE54-9A1E7A4F7556}") = "Sandbox.MSSQL", "Sandbox.MSSQL\Sandbox.MSSQL.csproj", "{6CEB80A9-2C2B-4B65-AC17-501161460440}"
EndProject
Project("{9A19103F-16F7-4668-BE54-9A1E7A4F7556}") = "Sandbox.Winform", "Sandbox.Winform\Sandbox.Winform.csproj", "{DC86366A-4B23-429F-9936-AF4C27ECE6CA}"
EndProject
Project("{FAE04EC0-301F-11D3-BF4B-00C04F79EFBC}") = "Sandbox.Nuget.NetCore", "Sandbox.Nuget.NetCore\Sandbox.Nuget.NetCore.csproj", "{1B7C035F-AAE7-45B8-B619-CA462DB1DD20}"
EndProject
Global
	GlobalSection(SolutionConfigurationPlatforms) = preSolution
		Debug|Any CPU = Debug|Any CPU
		Release|Any CPU = Release|Any CPU
	EndGlobalSection
	GlobalSection(ProjectConfigurationPlatforms) = postSolution
		{1F993300-267E-4E7D-B261-4EF40D83013D}.Debug|Any CPU.ActiveCfg = Debug|Any CPU
		{1F993300-267E-4E7D-B261-4EF40D83013D}.Debug|Any CPU.Build.0 = Debug|Any CPU
		{1F993300-267E-4E7D-B261-4EF40D83013D}.Release|Any CPU.ActiveCfg = Release|Any CPU
		{1F993300-267E-4E7D-B261-4EF40D83013D}.Release|Any CPU.Build.0 = Release|Any CPU
		{2D9930D7-BC7E-443A-A2D6-B6D9501F7016}.Debug|Any CPU.ActiveCfg = Debug|Any CPU
		{2D9930D7-BC7E-443A-A2D6-B6D9501F7016}.Debug|Any CPU.Build.0 = Debug|Any CPU
		{2D9930D7-BC7E-443A-A2D6-B6D9501F7016}.Release|Any CPU.ActiveCfg = Release|Any CPU
		{2D9930D7-BC7E-443A-A2D6-B6D9501F7016}.Release|Any CPU.Build.0 = Release|Any CPU
		{97219431-D237-4488-912A-14498A7F7D62}.Debug|Any CPU.ActiveCfg = Debug|Any CPU
		{97219431-D237-4488-912A-14498A7F7D62}.Debug|Any CPU.Build.0 = Debug|Any CPU
		{97219431-D237-4488-912A-14498A7F7D62}.Release|Any CPU.ActiveCfg = Release|Any CPU
		{97219431-D237-4488-912A-14498A7F7D62}.Release|Any CPU.Build.0 = Release|Any CPU
		{0A718B99-41F2-45E4-B5A6-1887918FFD26}.Debug|Any CPU.ActiveCfg = Debug|Any CPU
		{0A718B99-41F2-45E4-B5A6-1887918FFD26}.Debug|Any CPU.Build.0 = Debug|Any CPU
		{0A718B99-41F2-45E4-B5A6-1887918FFD26}.Release|Any CPU.ActiveCfg = Release|Any CPU
		{0A718B99-41F2-45E4-B5A6-1887918FFD26}.Release|Any CPU.Build.0 = Release|Any CPU
		{F0BD04D0-BB3E-4DF6-B1B0-4CC74D273271}.Debug|Any CPU.ActiveCfg = Debug|Any CPU
		{F0BD04D0-BB3E-4DF6-B1B0-4CC74D273271}.Debug|Any CPU.Build.0 = Debug|Any CPU
		{F0BD04D0-BB3E-4DF6-B1B0-4CC74D273271}.Release|Any CPU.ActiveCfg = Release|Any CPU
		{F0BD04D0-BB3E-4DF6-B1B0-4CC74D273271}.Release|Any CPU.Build.0 = Release|Any CPU
		{658F20C3-5965-496C-9562-D81D0709F417}.Debug|Any CPU.ActiveCfg = Debug|Any CPU
		{658F20C3-5965-496C-9562-D81D0709F417}.Debug|Any CPU.Build.0 = Debug|Any CPU
		{658F20C3-5965-496C-9562-D81D0709F417}.Release|Any CPU.ActiveCfg = Release|Any CPU
		{658F20C3-5965-496C-9562-D81D0709F417}.Release|Any CPU.Build.0 = Release|Any CPU
		{5785E3AA-3464-4178-BC80-D4445EDDF2E3}.Debug|Any CPU.ActiveCfg = Debug|Any CPU
		{5785E3AA-3464-4178-BC80-D4445EDDF2E3}.Debug|Any CPU.Build.0 = Debug|Any CPU
		{5785E3AA-3464-4178-BC80-D4445EDDF2E3}.Release|Any CPU.ActiveCfg = Release|Any CPU
		{5785E3AA-3464-4178-BC80-D4445EDDF2E3}.Release|Any CPU.Build.0 = Release|Any CPU
		{009E2629-E272-4DE9-B62C-0A549174B486}.Debug|Any CPU.ActiveCfg = Debug|Any CPU
		{009E2629-E272-4DE9-B62C-0A549174B486}.Debug|Any CPU.Build.0 = Debug|Any CPU
		{009E2629-E272-4DE9-B62C-0A549174B486}.Release|Any CPU.ActiveCfg = Release|Any CPU
		{009E2629-E272-4DE9-B62C-0A549174B486}.Release|Any CPU.Build.0 = Release|Any CPU
		{0B3B13F3-7638-4656-B3FF-CBFE9E375E14}.Debug|Any CPU.ActiveCfg = Debug|Any CPU
		{0B3B13F3-7638-4656-B3FF-CBFE9E375E14}.Debug|Any CPU.Build.0 = Debug|Any CPU
		{0B3B13F3-7638-4656-B3FF-CBFE9E375E14}.Release|Any CPU.ActiveCfg = Release|Any CPU
		{0B3B13F3-7638-4656-B3FF-CBFE9E375E14}.Release|Any CPU.Build.0 = Release|Any CPU
		{F536E7AB-8DF2-4BD1-8C4C-82843F0F2232}.Debug|Any CPU.ActiveCfg = Debug|Any CPU
		{F536E7AB-8DF2-4BD1-8C4C-82843F0F2232}.Debug|Any CPU.Build.0 = Debug|Any CPU
		{F536E7AB-8DF2-4BD1-8C4C-82843F0F2232}.Release|Any CPU.ActiveCfg = Release|Any CPU
		{F536E7AB-8DF2-4BD1-8C4C-82843F0F2232}.Release|Any CPU.Build.0 = Release|Any CPU
		{0D7D2910-B96A-425B-9A83-9684BA9D6C12}.Debug|Any CPU.ActiveCfg = Debug|Any CPU
		{0D7D2910-B96A-425B-9A83-9684BA9D6C12}.Debug|Any CPU.Build.0 = Debug|Any CPU
		{0D7D2910-B96A-425B-9A83-9684BA9D6C12}.Release|Any CPU.ActiveCfg = Release|Any CPU
		{0D7D2910-B96A-425B-9A83-9684BA9D6C12}.Release|Any CPU.Build.0 = Release|Any CPU
		{ED6257DF-4C59-4D79-BE33-6BB0564952C0}.Debug|Any CPU.ActiveCfg = Debug|Any CPU
		{ED6257DF-4C59-4D79-BE33-6BB0564952C0}.Debug|Any CPU.Build.0 = Debug|Any CPU
		{ED6257DF-4C59-4D79-BE33-6BB0564952C0}.Release|Any CPU.ActiveCfg = Release|Any CPU
		{ED6257DF-4C59-4D79-BE33-6BB0564952C0}.Release|Any CPU.Build.0 = Release|Any CPU
		{05CE6A0D-5FDD-4F81-8000-968E1A7F7BD4}.Debug|Any CPU.ActiveCfg = Debug|Any CPU
		{05CE6A0D-5FDD-4F81-8000-968E1A7F7BD4}.Debug|Any CPU.Build.0 = Debug|Any CPU
		{05CE6A0D-5FDD-4F81-8000-968E1A7F7BD4}.Release|Any CPU.ActiveCfg = Release|Any CPU
		{05CE6A0D-5FDD-4F81-8000-968E1A7F7BD4}.Release|Any CPU.Build.0 = Release|Any CPU
		{8D4F083D-F555-4630-85A0-30D83670349A}.Debug|Any CPU.ActiveCfg = Debug|Any CPU
		{8D4F083D-F555-4630-85A0-30D83670349A}.Debug|Any CPU.Build.0 = Debug|Any CPU
		{8D4F083D-F555-4630-85A0-30D83670349A}.Release|Any CPU.ActiveCfg = Release|Any CPU
		{8D4F083D-F555-4630-85A0-30D83670349A}.Release|Any CPU.Build.0 = Release|Any CPU
		{DA99FB6E-EDBA-4428-976C-22A299AE5324}.Debug|Any CPU.ActiveCfg = Debug|Any CPU
		{DA99FB6E-EDBA-4428-976C-22A299AE5324}.Debug|Any CPU.Build.0 = Debug|Any CPU
		{DA99FB6E-EDBA-4428-976C-22A299AE5324}.Release|Any CPU.ActiveCfg = Release|Any CPU
		{DA99FB6E-EDBA-4428-976C-22A299AE5324}.Release|Any CPU.Build.0 = Release|Any CPU
		{2E35A6E5-43B8-4DC0-B9D7-5D4F0A92B9DC}.Debug|Any CPU.ActiveCfg = Debug|Any CPU
		{2E35A6E5-43B8-4DC0-B9D7-5D4F0A92B9DC}.Debug|Any CPU.Build.0 = Debug|Any CPU
		{2E35A6E5-43B8-4DC0-B9D7-5D4F0A92B9DC}.Release|Any CPU.ActiveCfg = Release|Any CPU
		{2E35A6E5-43B8-4DC0-B9D7-5D4F0A92B9DC}.Release|Any CPU.Build.0 = Release|Any CPU
		{722F8F1A-F6BD-4F56-8125-305D52C2A26E}.Debug|Any CPU.ActiveCfg = Debug|Any CPU
		{722F8F1A-F6BD-4F56-8125-305D52C2A26E}.Debug|Any CPU.Build.0 = Debug|Any CPU
		{722F8F1A-F6BD-4F56-8125-305D52C2A26E}.Release|Any CPU.ActiveCfg = Release|Any CPU
		{722F8F1A-F6BD-4F56-8125-305D52C2A26E}.Release|Any CPU.Build.0 = Release|Any CPU
		{4D343812-CE1B-4D24-9DD8-C35DCE72ECE2}.Debug|Any CPU.ActiveCfg = Debug|Any CPU
		{4D343812-CE1B-4D24-9DD8-C35DCE72ECE2}.Debug|Any CPU.Build.0 = Debug|Any CPU
		{4D343812-CE1B-4D24-9DD8-C35DCE72ECE2}.Release|Any CPU.ActiveCfg = Release|Any CPU
		{4D343812-CE1B-4D24-9DD8-C35DCE72ECE2}.Release|Any CPU.Build.0 = Release|Any CPU
		{03BE2EEC-364E-47CB-9A88-3919D0FBBA9A}.Debug|Any CPU.ActiveCfg = Debug|Any CPU
		{03BE2EEC-364E-47CB-9A88-3919D0FBBA9A}.Debug|Any CPU.Build.0 = Debug|Any CPU
		{03BE2EEC-364E-47CB-9A88-3919D0FBBA9A}.Release|Any CPU.ActiveCfg = Release|Any CPU
		{03BE2EEC-364E-47CB-9A88-3919D0FBBA9A}.Release|Any CPU.Build.0 = Release|Any CPU
		{0FB61FD0-B7A6-4F74-8E81-0DD8270432BB}.Debug|Any CPU.ActiveCfg = Debug|Any CPU
		{0FB61FD0-B7A6-4F74-8E81-0DD8270432BB}.Debug|Any CPU.Build.0 = Debug|Any CPU
		{0FB61FD0-B7A6-4F74-8E81-0DD8270432BB}.Release|Any CPU.ActiveCfg = Release|Any CPU
		{0FB61FD0-B7A6-4F74-8E81-0DD8270432BB}.Release|Any CPU.Build.0 = Release|Any CPU
		{13EFCFC9-5F93-4DF4-B345-8B6F86AEB0E1}.Debug|Any CPU.ActiveCfg = Debug|Any CPU
		{13EFCFC9-5F93-4DF4-B345-8B6F86AEB0E1}.Debug|Any CPU.Build.0 = Debug|Any CPU
		{13EFCFC9-5F93-4DF4-B345-8B6F86AEB0E1}.Debug|Any CPU.Deploy.0 = Debug|Any CPU
		{13EFCFC9-5F93-4DF4-B345-8B6F86AEB0E1}.Release|Any CPU.ActiveCfg = Release|Any CPU
		{13EFCFC9-5F93-4DF4-B345-8B6F86AEB0E1}.Release|Any CPU.Build.0 = Release|Any CPU
		{13EFCFC9-5F93-4DF4-B345-8B6F86AEB0E1}.Release|Any CPU.Deploy.0 = Release|Any CPU
		{6CEB80A9-2C2B-4B65-AC17-501161460440}.Debug|Any CPU.ActiveCfg = Debug|Any CPU
		{6CEB80A9-2C2B-4B65-AC17-501161460440}.Debug|Any CPU.Build.0 = Debug|Any CPU
		{6CEB80A9-2C2B-4B65-AC17-501161460440}.Release|Any CPU.ActiveCfg = Release|Any CPU
		{6CEB80A9-2C2B-4B65-AC17-501161460440}.Release|Any CPU.Build.0 = Release|Any CPU
		{DC86366A-4B23-429F-9936-AF4C27ECE6CA}.Debug|Any CPU.ActiveCfg = Debug|Any CPU
		{DC86366A-4B23-429F-9936-AF4C27ECE6CA}.Debug|Any CPU.Build.0 = Debug|Any CPU
		{DC86366A-4B23-429F-9936-AF4C27ECE6CA}.Release|Any CPU.ActiveCfg = Release|Any CPU
		{DC86366A-4B23-429F-9936-AF4C27ECE6CA}.Release|Any CPU.Build.0 = Release|Any CPU
		{1B7C035F-AAE7-45B8-B619-CA462DB1DD20}.Debug|Any CPU.ActiveCfg = Debug|Any CPU
		{1B7C035F-AAE7-45B8-B619-CA462DB1DD20}.Debug|Any CPU.Build.0 = Debug|Any CPU
		{1B7C035F-AAE7-45B8-B619-CA462DB1DD20}.Release|Any CPU.ActiveCfg = Release|Any CPU
		{1B7C035F-AAE7-45B8-B619-CA462DB1DD20}.Release|Any CPU.Build.0 = Release|Any CPU
	EndGlobalSection
	GlobalSection(SolutionProperties) = preSolution
		HideSolutionNode = FALSE
	EndGlobalSection
	GlobalSection(ExtensibilityGlobals) = postSolution
		SolutionGuid = {9D926E87-9398-4D88-811F-165D4D822F0A}
	EndGlobalSection
EndGlobal
