
Microsoft Visual Studio Solution File, Format Version 12.00
# Visual Studio Version 17
VisualStudioVersion = 17.0.31903.59
MinimumVisualStudioVersion = 10.0.40219.1
Project("{FAE04EC0-301F-11D3-BF4B-00C04F79EFBC}") = "Sandbox.Progress", "Sandbox.Progress\Sandbox.Progress.csproj", "{E07573C1-6A40-EA00-CD6E-F92040FED1D4}"
EndProject
Global
	GlobalSection(SolutionConfigurationPlatforms) = preSolution
		Debug|Any CPU = Debug|Any CPU
		Release|Any CPU = Release|Any CPU
	EndGlobalSection
	GlobalSection(ProjectConfigurationPlatforms) = postSolution
		{E07573C1-6A40-EA00-CD6E-F92040FED1D4}.Debug|Any CPU.ActiveCfg = Debug|Any CPU
		{E07573C1-6A40-EA00-CD6E-F92040FED1D4}.Debug|Any CPU.Build.0 = Debug|Any CPU
		{E07573C1-6A40-EA00-CD6E-F92040FED1D4}.Release|Any CPU.ActiveCfg = Release|Any CPU
		{E07573C1-6A40-EA00-CD6E-F92040FED1D4}.Release|Any CPU.Build.0 = Release|Any CPU
	EndGlobalSection
	GlobalSection(SolutionProperties) = preSolution
		HideSolutionNode = FALSE
	EndGlobalSection
EndGlobal
