
Microsoft Visual Studio Solution File, Format Version 12.00
# Visual Studio Version 17
VisualStudioVersion = 17.0.31903.59
MinimumVisualStudioVersion = 10.0.40219.1
Project("{FAE04EC0-301F-11D3-BF4B-00C04F79EFBC}") = "WeatherApi", "WeatherApi\WeatherApi.csproj", "{43C7CB2A-D7E5-41B4-AE7A-BADA6BFCA325}"
EndProject
Project("{2150E333-8FDC-42A3-9474-1A3956D46DE8}") = "Solution Items", "Solution Items", "{55202B27-D8FD-4B47-8027-9A7B450EEFC7}"
	ProjectSection(SolutionItems) = preProject
		README.md = README.md
	EndProjectSection
EndProject
Global
	GlobalSection(SolutionConfigurationPlatforms) = preSolution
		Debug|Any CPU = Debug|Any CPU
		Release|Any CPU = Release|Any CPU
	EndGlobalSection
	GlobalSection(ProjectConfigurationPlatforms) = postSolution
		{43C7CB2A-D7E5-41B4-AE7A-BADA6BFCA325}.Debug|Any CPU.ActiveCfg = Debug|Any CPU
		{43C7CB2A-D7E5-41B4-AE7A-BADA6BFCA325}.Debug|Any CPU.Build.0 = Debug|Any CPU
		{43C7CB2A-D7E5-41B4-AE7A-BADA6BFCA325}.Release|Any CPU.ActiveCfg = Release|Any CPU
		{43C7CB2A-D7E5-41B4-AE7A-BADA6BFCA325}.Release|Any CPU.Build.0 = Release|Any CPU
	EndGlobalSection
	GlobalSection(SolutionProperties) = preSolution
		HideSolutionNode = FALSE
	EndGlobalSection
EndGlobal
